
Microsoft Visual Studio Solution File, Format Version 12.00
# Visual Studio 15
Project("{FAE04EC0-301F-11D3-BF4B-00C04F79EFBC}") = "Assembly-CSharp", "Assembly-CSharp.csproj", "{CD489A0B-7C5F-3D0B-2B67-6CE93F8BF824}"
EndProject
Project("{FAE04EC0-301F-11D3-BF4B-00C04F79EFBC}") = "Assembly-CSharp-firstpass", "Assembly-CSharp-firstpass.csproj", "{327A7C6C-53DC-7DA3-9359-473B1FDB7F3C}"
EndProject
Global
	GlobalSection(SolutionConfigurationPlatforms) = preSolution
		Debug|Any CPU = Debug|Any CPU
		Release|Any CPU = Release|Any CPU
	EndGlobalSection
	GlobalSection(ProjectConfigurationPlatforms) = postSolution
		{CD489A0B-7C5F-3D0B-2B67-6CE93F8BF824}.Debug|Any CPU.ActiveCfg = Debug|Any CPU
		{CD489A0B-7C5F-3D0B-2B67-6CE93F8BF824}.Debug|Any CPU.Build.0 = Debug|Any CPU
		{CD489A0B-7C5F-3D0B-2B67-6CE93F8BF824}.Release|Any CPU.ActiveCfg = Release|Any CPU
		{CD489A0B-7C5F-3D0B-2B67-6CE93F8BF824}.Release|Any CPU.Build.0 = Release|Any CPU
		{327A7C6C-53DC-7DA3-9359-473B1FDB7F3C}.Debug|Any CPU.ActiveCfg = Debug|Any CPU
		{327A7C6C-53DC-7DA3-9359-473B1FDB7F3C}.Debug|Any CPU.Build.0 = Debug|Any CPU
		{327A7C6C-53DC-7DA3-9359-473B1FDB7F3C}.Release|Any CPU.ActiveCfg = Release|Any CPU
		{327A7C6C-53DC-7DA3-9359-473B1FDB7F3C}.Release|Any CPU.Build.0 = Release|Any CPU
	EndGlobalSection
	GlobalSection(SolutionProperties) = preSolution
		HideSolutionNode = FALSE
	EndGlobalSection
EndGlobal
